
Microsoft Visual Studio Solution File, Format Version 10.00
# Visual Studio 2008
Project("{FAE04EC0-301F-11D3-BF4B-00C04F79EFBC}") = "OracleDestination", "OracleDestination\OracleDestination.csproj", "{20AC3B0A-B2D5-4BF4-A631-2E6460FFFA38}"
EndProject
Global
	GlobalSection(SolutionConfigurationPlatforms) = preSolution
		Debug|Any CPU = Debug|Any CPU
		Release|Any CPU = Release|Any CPU
	EndGlobalSection
	GlobalSection(ProjectConfigurationPlatforms) = postSolution
		{20AC3B0A-B2D5-4BF4-A631-2E6460FFFA38}.Debug|Any CPU.ActiveCfg = Debug|Any CPU
		{20AC3B0A-B2D5-4BF4-A631-2E6460FFFA38}.Debug|Any CPU.Build.0 = Debug|Any CPU
		{20AC3B0A-B2D5-4BF4-A631-2E6460FFFA38}.Release|Any CPU.ActiveCfg = Release|Any CPU
		{20AC3B0A-B2D5-4BF4-A631-2E6460FFFA38}.Release|Any CPU.Build.0 = Release|Any CPU
	EndGlobalSection
	GlobalSection(SolutionProperties) = preSolution
		HideSolutionNode = FALSE
	EndGlobalSection
EndGlobal
